PODS:
  - Flutter (1.0.0)
  - orientation (0.0.1):
    - Flutter

DEPENDENCIES:
  - Flutter (from `Flutter`)
  - orientation (from `.symlinks/plugins/orientation/ios`)

EXTERNAL SOURCES:
  Flutter:
    :path: Flutter
  orientation:
    :path: ".symlinks/plugins/orientation/ios"

SPEC CHECKSUMS:
  Flutter: e0871f40cf51350855a761d2e70bf5af5b9b5de7
  orientation: c1a525bbecf4c12142b7050ae11bb13445da0c4b

PODFILE CHECKSUM: dc0af16b12f2bb16a42707edd6a708feb9376936

COCOAPODS: 1.15.0
