PODS:
  - Flutter (1.0.0)
  - orientation (0.0.1):
    - Flutter

DEPENDENCIES:
  - Flutter (from `Flutter`)
  - orientation (from `.symlinks/plugins/orientation/ios`)

EXTERNAL SOURCES:
  Flutter:
    :path: Flutter
  orientation:
    :path: ".symlinks/plugins/orientation/ios"

SPEC CHECKSUMS:
  Flutter: f04841e97a9d0b0a8025694d0796dd46242b2854
  orientation: c1a525bbecf4c12142b7050ae11bb13445da0c4b

PODFILE CHECKSUM: 52ed7a7015f1876e623853c0553d3ab492a58ae4

COCOAPODS: 1.11.3
